schema: '2.0'
stages:
  get_data:
    cmd: python src/get_data.py
    deps:
    - path: src/get_data.py
      hash: md5
      md5: 88866dbaf5c36afefdb00ebd8f3e4faa
      size: 1346
    outs:
    - path: data/initial_raw
      hash: md5
      md5: c17d2eb3c40ff9b48cf3b58ecd05c9f4.dir
      size: 54686
      nfiles: 1
  process_data:
    cmd: python src/preprocess_data.py
    deps:
    - path: data/initial_raw
      hash: md5
      md5: c17d2eb3c40ff9b48cf3b58ecd05c9f4.dir
      size: 54686
      nfiles: 1
    - path: src/preprocess_data.py
      hash: md5
      md5: 42004851d34809f60fae7bfd1eef9b84
      size: 2756
    outs:
    - path: data/processed/
      hash: md5
      md5: 39d92f8722a8b66c83b5741fc9fcfd02.dir
      size: 10231666
      nfiles: 2
    - path: models/c1_BoW_Sentiment_Model.pkl
      hash: md5
      md5: a6df174a758043ea9f92429f78ea90c5
      size: 39435
  train_model:
    cmd: python src/train_model.py
    deps:
    - path: data/processed/
      hash: md5
      md5: 39d92f8722a8b66c83b5741fc9fcfd02.dir
      size: 10231666
      nfiles: 2
    - path: src/train_model.py
      hash: md5
      md5: 416ded7ce6e57ea147eea2e19982588e
      size: 1477
    outs:
    - path: models/Classifier_Sentiment_Model.joblib
      hash: md5
      md5: 7dc6aed243ae2e83d0af2e966804ad5f
      size: 46215
  eval_model:
    cmd: python src/evaluate.py
    deps:
    - path: data/processed/
      hash: md5
      md5: 39d92f8722a8b66c83b5741fc9fcfd02.dir
      size: 10231666
      nfiles: 2
    - path: models/Classifier_Sentiment_Model.joblib
      hash: md5
      md5: 7dc6aed243ae2e83d0af2e966804ad5f
      size: 46215
    - path: models/c1_BoW_Sentiment_Model.pkl
      hash: md5
      md5: a6df174a758043ea9f92429f78ea90c5
      size: 39435
    - path: src/evaluate.py
      hash: md5
      md5: 2460e3f1b91955c75c53f8c94af17ba9
      size: 1330
    outs:
    - path: metrics.json
      hash: md5
      md5: 3db9cbd75d88e3a88a2b1471abe987c7
      size: 703
