schema: '2.0'
stages:
  get_data:
    cmd: python src/get_data.py
    deps:
    - path: src/get_data.py
      hash: md5
      md5: 8021bbddfb9439cc9d29ac1552b722ac
      size: 1327
    outs:
    - path: data/initial_raw
      hash: md5
      md5: c17d2eb3c40ff9b48cf3b58ecd05c9f4.dir
      size: 54686
      nfiles: 1
  process_data:
    cmd: python src/preprocess_data.py
    deps:
    - path: data/initial_raw
      hash: md5
      md5: c17d2eb3c40ff9b48cf3b58ecd05c9f4.dir
      size: 54686
      nfiles: 1
    - path: src/preprocess_data.py
      hash: md5
      md5: ed9e66b74de3357b497e903e21081f77
      size: 3609
    outs:
    - path: data/processed/
      hash: md5
      md5: 39d92f8722a8b66c83b5741fc9fcfd02.dir
      size: 10231666
      nfiles: 2
    - path: models/c1_BoW_Sentiment_Model.pkl
      hash: md5
      md5: 6b56d23bb1c9271685f99aea16e2b050
      size: 39435
  train_model:
    cmd: python src/train_model.py
    deps:
    - path: data/processed/
      hash: md5
      md5: 39d92f8722a8b66c83b5741fc9fcfd02.dir
      size: 10231666
      nfiles: 2
    - path: src/train_model.py
      hash: md5
      md5: 567efb8eda0d364f713bcf20e86b0888
      size: 1457
    outs:
    - path: models/Classifier_Sentiment_Model.joblib
      hash: md5
      md5: 7dc6aed243ae2e83d0af2e966804ad5f
      size: 46215
  eval_model:
    cmd: python src/evaluate.py
    deps:
    - path: data/processed/
      hash: md5
      md5: 39d92f8722a8b66c83b5741fc9fcfd02.dir
      size: 10231666
      nfiles: 2
    - path: models/Classifier_Sentiment_Model.joblib
      hash: md5
      md5: 7dc6aed243ae2e83d0af2e966804ad5f
      size: 46215
    - path: models/c1_BoW_Sentiment_Model.pkl
      hash: md5
      md5: 6b56d23bb1c9271685f99aea16e2b050
      size: 39435
    - path: src/evaluate.py
      hash: md5
      md5: a485a39ea06674824bbfd19ea2f1a4bf
      size: 2310
    outs:
    - path: data/model_eval/metrics.json
      hash: md5
      md5: 3f62c3aa7f567ee33e24607144fc8c5a
      size: 336
